github.com/davecgh/go-spew v1.1.0 h1:ZDRjVQ15GmhC3fiQ8ni8+OwkZQO4DARzQgrnXU1Liz8=
github.com/davecgh/go-spew v1.1.0/go.mod h1:J7Y8YcW2NihsgmVo/mv3lAwl/skON4iLHjSsI+c5H38=
github.com/gammazero/deque v0.0.0-20190521012701-46e4ffb7a622/go.mod h1:D90+MBHVc9Sk1lJAbEVgws0eYEurY4mv2TDso3Nxh3w=
github.com/gammazero/workerpool v0.0.0-20200108033143-79b2336fad7a/go.mod h1:ZObaTlXZGgqKXhhlk+zNvSOXT+h6VGThA0ZQxLqn8x0=
github.com/kavu/go_reuseport v1.4.0 h1:YIp/96RZ3sJfn0LN+FFkkXIq3H3dfVOdRUtNejhDcxc=
github.com/kavu/go_reuseport v1.4.0/go.mod h1:CG8Ee7ceMFSMnx/xr25Vm0qXaj2Z4i5PWoUx+JZ5/CU=
github.com/klauspost/compress v1.8.2 h1:Bx0qjetmNjdFXASH02NSAREKpiaDwkO1DRZ3dV2KCcs=
github.com/klauspost/compress v1.8.2/go.mod h1:RyIbtBH6LamlWaDj8nUwkbUhJ87Yi3uG0guNDohfE1A=
github.com/klauspost/compress v1.9.7 h1:hYW1gP94JUmAhBtJ+LNz5My+gBobDxPR1iVuKug26aA=
github.com/klauspost/compress v1.9.7/go.mod h1:RyIbtBH6LamlWaDj8nUwkbUhJ87Yi3uG0guNDohfE1A=
github.com/klauspost/cpuid v1.2.1 h1:vJi+O/nMdFt0vqm8NZBI6wzALWdA2X+egi0ogNyrC/w=
github.com/klauspost/cpuid v1.2.1/go.mod h1:Pj4uuM528wm8OyEC2QMXAi2YiTZ96dNQPGgoMS4s3ek=
github.com/libp2p/go-reuseport v0.0.1 h1:7PhkfH73VXfPJYKQ6JwS5I/eVcoyYi9IMNGc6FWpFLw=
github.com/libp2p/go-reuseport v0.0.1/go.mod h1:jn6RmB1ufnQwl0Q1f+YxAj8isJgDCQzaaxIFYDhcYEA=
github.com/maurice2k/ultrapool v0.0.0-20200116130404-b4f8de067c4f h1:HngDnA0OI5t1CG23ORiEYKJzyH+jNOAwHVj6cPz6Rz8=
github.com/maurice2k/ultrapool v0.0.0-20200116130404-b4f8de067c4f/go.mod h1:n8UBAqdc5c/tvoQkLfWjB7bIM3LwoUegy6tAvOC1fII=
github.com/maurice2k/ultrapool v0.0.0-20200121135534-b0493986dd62 h1:YNHtZM65D5oPvvHgld/ThgINewpt8erUgIbJi7lmmv8=
github.com/maurice2k/ultrapool v0.0.0-20200121135534-b0493986dd62/go.mod h1:T1Zk+TS9BRpq3X9J7uLaPhWd2mbikGFuqNA9UqQ/MqA=
github.com/maurice2k/ultrapool v0.0.0-20200121160752-00f561a9fc99 h1:q6LvYw58p0Qa4UNDf3+59JMKNtJdEnDhKCptGe3GSzo=
github.com/maurice2k/ultrapool v0.0.0-20200121160752-00f561a9fc99/go.mod h1:T1Zk+TS9BRpq3X9J7uLaPhWd2mbikGFuqNA9UqQ/MqA=
github.com/panjf2000/ants/v2 v2.2.2 h1:TWzusBjq/IflXhy+/S6u5wmMLCBdJnB9tPIx9Zmhvok=
github.com/panjf2000/ants/v2 v2.2.2/go.mod h1:1GFm8bV8nyCQvU5K4WvBCTG1/YBFOD2VzjffD8fV55A=
github.com/panjf2000/gnet v1.0.0-rc.5 h1:EcFAcBmKn5isLD0oL4lDAzawgST3OpCEDlFAnL6Atj0=
github.com/panjf2000/gnet v1.0.0-rc.5/go.mod h1:lOfIuDS7Q5FFzuPiDsPvESywpPyYIi9/pSa9pbdYUls=
github.com/pkg/errors v0.8.1 h1:iURUrRGxPUNPdy5/HRSm+Yj6okJ6UtLINN0Q9M4+h3I=
github.com/pkg/errors v0.8.1/go.mod h1:bwawxfHBFNV+L2hUp1rHADufV3IMtnDRdf1r5NINEl0=
github.com/pkg/errors v0.9.1 h1:FEBLx1zS214owpjy7qsBeixbURkuhQAwrK5UwLGTwt4=
github.com/pkg/errors v0.9.1/go.mod h1:bwawxfHBFNV+L2hUp1rHADufV3IMtnDRdf1r5NINEl0=
github.com/pmezard/go-difflib v1.0.0 h1:4DBwDE0NGyQoBHbLQYPwSUPoCMWR5BEzIk/f1lZbAQM=
github.com/pmezard/go-difflib v1.0.0/go.mod h1:iKH77koFhYxTK1pcRnkKkqfTogsbg7gZNVY4sRDYZ/4=
github.com/smallnest/goframe v0.0.0-20191101094441-1fbd8e51db18 h1:DiCiqE5WT7O6l4naQB0x6GBo8BEE2dBT7uhGFvGo0B0=
github.com/smallnest/goframe v0.0.0-20191101094441-1fbd8e51db18/go.mod h1:Dy8560GXrB6w5OJnVBU71dJtSyINdnqHHe6atDaZX00=
github.com/stretchr/objx v0.1.0/go.mod h1:HFkY916IF+rwdDfMAkV7OtwuqBVzrE8GR6GFx+wExME=
github.com/stretchr/testify v1.3.0 h1:TivCn/peBQ7UY8ooIcPgZFpTNSz0Q2U6UrFlUfqbe0Q=
github.com/stretchr/testify v1.3.0/go.mod h1:M5WIy9Dh21IEIfnGCwXGc5bZfKNJtfHm1UVUgZn+9EI=
github.com/tidwall/evio v1.0.7 h1:vczkMaNN5Ekj0bsbT/3gCnLyOaKsecxrJFlbYFOsv0Y=
github.com/tidwall/evio v1.0.7/go.mod h1:cYtY49LddNrlpsOmW7qJnqM8B2gOjrFrzT8+Fnb/GKs=
github.com/valyala/bytebufferpool v1.0.0 h1:GqA5TC/0021Y/b9FG4Oi9Mr3q7XYx6KllzawFIhcdPw=
github.com/valyala/bytebufferpool v1.0.0/go.mod h1:6bBcMArwyJ5K/AmCkWv1jt77kVWyCJ6HpOuEn7z0Csc=
github.com/valyala/fasthttp v1.8.0 h1:actnGGBYtGQmxVaZxyZpp57Vcc2NhcO7mMN0IMwCC0w=
github.com/valyala/fasthttp v1.8.0/go.mod h1:FstJa9V+Pj9vQ7OJie2qMHdwemEDaDiSdBnvPM1Su9w=
github.com/valyala/tcplisten v0.0.0-20161114210144-ceec8f93295a/go.mod h1:v3UYOV9WzVtRmSR+PDvWpU/qWl4Wa5LApYYX4ZtKbio=
golang.org/x/crypto v0.0.0-20190308221718-c2843e01d9a2/go.mod h1:djNgcEr1/C05ACkg1iLfiJU5Ep61QUkGW8qpdssI0+w=
golang.org/x/net v0.0.0-20190827160401-ba9fcec4b297/go.mod h1:z5CRVTTTmAJ677TzLLGU+0bjPO0LkuOLi4/5GtJWs/s=
golang.org/x/sys v0.0.0-20190215142949-d0b11bdaac8a/go.mod h1:STP8DvDyc/dI5b8T5hshtkjS+E42TnysNCUPdjciGhY=
golang.org/x/sys v0.0.0-20190228124157-a34e9553db1e/go.mod h1:STP8DvDyc/dI5b8T5hshtkjS+E42TnysNCUPdjciGhY=
golang.org/x/sys v0.0.0-20190405154228-4b34438f7a67/go.mod h1:h1NjWce9XRLGQEsW7wpKNCjG9DtNlClVuFLEZdDNbEs=
golang.org/x/sys v0.0.0-20200116001909-b77594299b42 h1:vEOn+mP2zCOVzKckCZy6YsCtDblrpj/w7B9nxGNELpg=
golang.org/x/sys v0.0.0-20200116001909-b77594299b42/go.mod h1:h1NjWce9XRLGQEsW7wpKNCjG9DtNlClVuFLEZdDNbEs=
golang.org/x/text v0.3.0/go.mod h1:NqM8EUOU14njkJ3fqMW+pc6Ldnwhi/IjpwHt7yyuwOQ=
